
Microsoft Visual Studio Solution File, Format Version 12.00
# Visual Studio Version 17
VisualStudioVersion = 17.14.36310.24
MinimumVisualStudioVersion = 10.0.40219.1
Project("{FAE04EC0-301F-11D3-BF4B-00C04F79EFBC}") = "TicTacToe.Api", "TicTacToe.Api.csproj", "{4B6B686B-18C8-4FD9-BAA8-B6EE6DE18601}"
EndProject
Project("{FAE04EC0-301F-11D3-BF4B-00C04F79EFBC}") = "TicTacToe.Tests", "..\TicTacToe.Tests\TicTacToe.Tests.csproj", "{FF524AFD-F304-49CF-8260-C95B1BDD5979}"
EndProject
Global
	GlobalSection(SolutionConfigurationPlatforms) = preSolution
		Debug|Any CPU = Debug|Any CPU
		Release|Any CPU = Release|Any CPU
	EndGlobalSection
	GlobalSection(ProjectConfigurationPlatforms) = postSolution
		{4B6B686B-18C8-4FD9-BAA8-B6EE6DE18601}.Debug|Any CPU.ActiveCfg = Debug|Any CPU
		{4B6B686B-18C8-4FD9-BAA8-B6EE6DE18601}.Debug|Any CPU.Build.0 = Debug|Any CPU
		{4B6B686B-18C8-4FD9-BAA8-B6EE6DE18601}.Release|Any CPU.ActiveCfg = Release|Any CPU
		{4B6B686B-18C8-4FD9-BAA8-B6EE6DE18601}.Release|Any CPU.Build.0 = Release|Any CPU
		{FF524AFD-F304-49CF-8260-C95B1BDD5979}.Debug|Any CPU.ActiveCfg = Debug|Any CPU
		{FF524AFD-F304-49CF-8260-C95B1BDD5979}.Debug|Any CPU.Build.0 = Debug|Any CPU
		{FF524AFD-F304-49CF-8260-C95B1BDD5979}.Release|Any CPU.ActiveCfg = Release|Any CPU
		{FF524AFD-F304-49CF-8260-C95B1BDD5979}.Release|Any CPU.Build.0 = Release|Any CPU
	EndGlobalSection
	GlobalSection(SolutionProperties) = preSolution
		HideSolutionNode = FALSE
	EndGlobalSection
	GlobalSection(ExtensibilityGlobals) = postSolution
		SolutionGuid = {6BA63D0E-8133-4EE2-932E-257E128218C5}
	EndGlobalSection
EndGlobal
